
Microsoft Visual Studio Solution File, Format Version 12.00
# Visual Studio Version 17
VisualStudioVersion = 17.11.35219.272
MinimumVisualStudioVersion = 10.0.40219.1
Project("ELFSLNGUID") = "ELF.Cube.Console", "src\ELF.Cube.Console\ELF.Cube.Console.csproj", "ELFCONSOLEGUID"
EndProject

#if (includemodel)
Project("ELFSLNGUID") = "ELF.Cube.Console.Model", "src\ELF.Cube.Web.Model\ELF.Cube.Console.Model.csproj", "ELFMODELGUID"
EndProject
#endif

#if	(XiaoFengLocation != "")
Project("ELFSLNGUID") = "XiaoFeng", "ELFXiaoFengLocation", "ELFXIAOFENGGUID"
EndProject
#endif

Global
	GlobalSection(SolutionConfigurationPlatforms) = preSolution
		Debug|Any CPU = Debug|Any CPU
		Release|Any CPU = Release|Any CPU
	EndGlobalSection
	GlobalSection(ProjectConfigurationPlatforms) = postSolution
		ELFCONSOLEGUID.Debug|Any CPU.ActiveCfg = Debug|Any CPU
		ELFCONSOLEGUID.Debug|Any CPU.Build.0 = Debug|Any CPU
		ELFCONSOLEGUID.Release|Any CPU.ActiveCfg = Release|Any CPU
		ELFCONSOLEGUID.Release|Any CPU.Build.0 = Release|Any CPU
		#if (includemodel)
		ELFMODELGUID.Debug|Any CPU.ActiveCfg = Debug|Any CPU
		ELFMODELGUID.Debug|Any CPU.Build.0 = Debug|Any CPU
		ELFMODELGUID.Release|Any CPU.ActiveCfg = Release|Any CPU
		ELFMODELGUID.Release|Any CPU.Build.0 = Release|Any CPU
		#endif
		#if	(XiaoFengLocation != "")
		ELFXIAOFENGGUID.Debug|Any CPU.ActiveCfg = Debug|Any CPU
		ELFXIAOFENGGUID.Debug|Any CPU.Build.0 = Debug|Any CPU
		ELFXIAOFENGGUID.Release|Any CPU.ActiveCfg = Release|Any CPU
		ELFXIAOFENGGUID.Release|Any CPU.Build.0 = Release|Any CPU
		#endif
	EndGlobalSection
	GlobalSection(SolutionProperties) = preSolution
		HideSolutionNode = FALSE
	EndGlobalSection
	GlobalSection(ExtensibilityGlobals) = postSolution
		SolutionGuid = ELFSLNMAINGUID
	EndGlobalSection
EndGlobal
